
Microsoft Visual Studio Solution File, Format Version 12.00
# Visual Studio Version 16
VisualStudioVersion = 16.0.28803.452
MinimumVisualStudioVersion = 10.0.40219.1
Project("{8BC9CEB8-8B4A-11D0-8D11-00A0C91BC942}") = "GDBase", "GDBase\GDBase.vcxproj", "{EDADED65-7ED6-45FE-AE9B-8139D48B9063}"
EndProject
Project("{8BC9CEB8-8B4A-11D0-8D11-00A0C91BC942}") = "GDBaseTests", "GDBaseTests\GDBaseTests.vcxproj", "{0B676EA9-BDEB-43E7-B682-A4269D89F4F0}"
EndProject
Global
	GlobalSection(SolutionConfigurationPlatforms) = preSolution
		Debug|x64 = Debug|x64
		Debug|x86 = Debug|x86
		Release|x64 = Release|x64
		Release|x86 = Release|x86
	EndGlobalSection
	GlobalSection(ProjectConfigurationPlatforms) = postSolution
		{EDADED65-7ED6-45FE-AE9B-8139D48B9063}.Debug|x64.ActiveCfg = Debug|x64
		{EDADED65-7ED6-45FE-AE9B-8139D48B9063}.Debug|x64.Build.0 = Debug|x64
		{EDADED65-7ED6-45FE-AE9B-8139D48B9063}.Debug|x86.ActiveCfg = Debug|Win32
		{EDADED65-7ED6-45FE-AE9B-8139D48B9063}.Debug|x86.Build.0 = Debug|Win32
		{EDADED65-7ED6-45FE-AE9B-8139D48B9063}.Release|x64.ActiveCfg = Release|x64
		{EDADED65-7ED6-45FE-AE9B-8139D48B9063}.Release|x64.Build.0 = Release|x64
		{EDADED65-7ED6-45FE-AE9B-8139D48B9063}.Release|x86.ActiveCfg = Release|Win32
		{EDADED65-7ED6-45FE-AE9B-8139D48B9063}.Release|x86.Build.0 = Release|Win32
		{0B676EA9-BDEB-43E7-B682-A4269D89F4F0}.Debug|x64.ActiveCfg = Debug|x64
		{0B676EA9-BDEB-43E7-B682-A4269D89F4F0}.Debug|x64.Build.0 = Debug|x64
		{0B676EA9-BDEB-43E7-B682-A4269D89F4F0}.Debug|x86.ActiveCfg = Debug|Win32
		{0B676EA9-BDEB-43E7-B682-A4269D89F4F0}.Debug|x86.Build.0 = Debug|Win32
		{0B676EA9-BDEB-43E7-B682-A4269D89F4F0}.Release|x64.ActiveCfg = Release|x64
		{0B676EA9-BDEB-43E7-B682-A4269D89F4F0}.Release|x64.Build.0 = Release|x64
		{0B676EA9-BDEB-43E7-B682-A4269D89F4F0}.Release|x86.ActiveCfg = Release|Win32
		{0B676EA9-BDEB-43E7-B682-A4269D89F4F0}.Release|x86.Build.0 = Release|Win32
	EndGlobalSection
	GlobalSection(SolutionProperties) = preSolution
		HideSolutionNode = FALSE
	EndGlobalSection
	GlobalSection(ExtensibilityGlobals) = postSolution
		SolutionGuid = {46C7A45E-73C7-4307-A829-E4872C1B83F6}
	EndGlobalSection
EndGlobal
